{
  "nodes": {
    "catppuccin": {
      "inputs": {
        "nixpkgs": "nixpkgs"
      },
      "locked": {
        "lastModified": 1762510976,
        "narHash": "sha256-KGoSj8qMOOPaNE48RTtuNBbqOvKLTeklnRHWWvE/TXo=",
        "owner": "catppuccin",
        "repo": "nix",
        "rev": "728cb0a667ce37bb0c68557dba819c7fb54ff1c8",
        "type": "github"
      },
      "original": {
        "owner": "catppuccin",
        "repo": "nix",
        "type": "github"
      }
    },
    "disko": {
      "inputs": {
        "nixpkgs": [
          "nixpkgs"
        ]
      },
      "locked": {
        "lastModified": 1762276996,
        "narHash": "sha256-TtcPgPmp2f0FAnc+DMEw4ardEgv1SGNR3/WFGH0N19M=",
        "owner": "nix-community",
        "repo": "disko",
        "rev": "af087d076d3860760b3323f6b583f4d828c1ac17",
        "type": "github"
      },
      "original": {
        "owner": "nix-community",
        "repo": "disko",
        "type": "github"
      }
    },
    "flake-utils": {
      "inputs": {
        "systems": "systems"
      },
      "locked": {
        "lastModified": 1731533236,
        "narHash": "sha256-l0KFg5HjrsfsO/JpG+r7fRrqm12kzFHyUHqHCVpMMbI=",
        "owner": "numtide",
        "repo": "flake-utils",
        "rev": "11707dc2f618dd54ca8739b309ec4fc024de578b",
        "type": "github"
      },
      "original": {
        "owner": "numtide",
        "repo": "flake-utils",
        "type": "github"
      }
    },
    "home-manager": {
      "inputs": {
        "nixpkgs": [
          "nixpkgs"
        ]
      },
      "locked": {
        "lastModified": 1762964643,
        "narHash": "sha256-RYHN8O/Aja59XDji6WSJZPkJpYVUfpSkyH+PEupBJqM=",
        "owner": "nix-community",
        "repo": "home-manager",
        "rev": "827f2a23373a774a8805f84ca5344654c31f354b",
        "type": "github"
      },
      "original": {
        "owner": "nix-community",
        "repo": "home-manager",
        "type": "github"
      }
    },
    "nixos-hardware": {
      "locked": {
        "lastModified": 1762847253,
        "narHash": "sha256-BWWnUUT01lPwCWUvS0p6Px5UOBFeXJ8jR+ZdLX8IbrU=",
        "owner": "NixOS",
        "repo": "nixos-hardware",
        "rev": "899dc449bc6428b9ee6b3b8f771ca2b0ef945ab9",
        "type": "github"
      },
      "original": {
        "owner": "NixOS",
        "ref": "master",
        "repo": "nixos-hardware",
        "type": "github"
      }
    },
    "nixpkgs": {
      "locked": {
        "lastModified": 1762111121,
        "narHash": "sha256-4vhDuZ7OZaZmKKrnDpxLZZpGIJvAeMtK6FKLJYUtAdw=",
        "owner": "NixOS",
        "repo": "nixpkgs",
        "rev": "b3d51a0365f6695e7dd5cdf3e180604530ed33b4",
        "type": "github"
      },
      "original": {
        "owner": "NixOS",
        "ref": "nixos-unstable",
        "repo": "nixpkgs",
        "type": "github"
      }
    },
    "nixpkgs_2": {
      "locked": {
        "lastModified": 1762844143,
        "narHash": "sha256-SlybxLZ1/e4T2lb1czEtWVzDCVSTvk9WLwGhmxFmBxI=",
        "owner": "NixOS",
        "repo": "nixpkgs",
        "rev": "9da7f1cf7f8a6e2a7cb3001b048546c92a8258b4",
        "type": "github"
      },
      "original": {
        "id": "nixpkgs",
        "ref": "nixos-unstable",
        "type": "indirect"
      }
    },
    "nixpkgs_3": {
      "locked": {
        "lastModified": 1761236834,
        "narHash": "sha256-+pthv6hrL5VLW2UqPdISGuLiUZ6SnAXdd2DdUE+fV2Q=",
        "owner": "nixos",
        "repo": "nixpkgs",
        "rev": "d5faa84122bc0a1fd5d378492efce4e289f8eac1",
        "type": "github"
      },
      "original": {
        "owner": "nixos",
        "ref": "nixpkgs-unstable",
        "repo": "nixpkgs",
        "type": "github"
      }
    },
    "pkgsMaster": {
      "locked": {
        "lastModified": 1763022130,
        "narHash": "sha256-8D8dJXV8yZTm5QyEMXCAuU9YbETxEFqlZWia/rZ5tAM=",
        "owner": "NixOS",
        "repo": "nixpkgs",
        "rev": "fde16189feaa6eaa81bcf9fe54988d92145e9d41",
        "type": "github"
      },
      "original": {
        "id": "nixpkgs",
        "ref": "master",
        "type": "indirect"
      }
    },
    "root": {
      "inputs": {
        "catppuccin": "catppuccin",
        "disko": "disko",
        "flake-utils": "flake-utils",
        "home-manager": "home-manager",
        "nixos-hardware": "nixos-hardware",
        "nixpkgs": "nixpkgs_2",
        "pkgsMaster": "pkgsMaster",
        "sops-nix": "sops-nix",
        "treefmt-nix": "treefmt-nix"
      }
    },
    "sops-nix": {
      "inputs": {
        "nixpkgs": [
          "nixpkgs"
        ]
      },
      "locked": {
        "lastModified": 1763023272,
        "narHash": "sha256-TCVNCn/GcKhwm+WlSJEZEPW4ISQdU9ICIU3lTiOLBYc=",
        "owner": "Mic92",
        "repo": "sops-nix",
        "rev": "b80c966e70fa0615352c9596315678df1de75801",
        "type": "github"
      },
      "original": {
        "owner": "Mic92",
        "repo": "sops-nix",
        "type": "github"
      }
    },
    "systems": {
      "locked": {
        "lastModified": 1681028828,
        "narHash": "sha256-Vy1rq5AaRuLzOxct8nz4T6wlgyUR7zLU309k9mBC768=",
        "owner": "nix-systems",
        "repo": "default",
        "rev": "da67096a3b9bf56a91d16901293e51ba5b49a27e",
        "type": "github"
      },
      "original": {
        "owner": "nix-systems",
        "repo": "default",
        "type": "github"
      }
    },
    "treefmt-nix": {
      "inputs": {
        "nixpkgs": "nixpkgs_3"
      },
      "locked": {
        "lastModified": 1762938485,
        "narHash": "sha256-AlEObg0syDl+Spi4LsZIBrjw+snSVU4T8MOeuZJUJjM=",
        "owner": "numtide",
        "repo": "treefmt-nix",
        "rev": "5b4ee75aeefd1e2d5a1cc43cf6ba65eba75e83e4",
        "type": "github"
      },
      "original": {
        "owner": "numtide",
        "repo": "treefmt-nix",
        "type": "github"
      }
    }
  },
  "root": "root",
  "version": 7
}
